hash: c4f07a434b7cb195a95faeb7c459b2b5ba7c9871077d4c3cbd992b2d846a42cf
updated: 2016-06-16T15:22:15.750868383+08:00
imports:
- name: github.com/dgrijalva/jwt-go
  version: c04502f106d7c5b3fae17c5da49a1bbdd3006b3c
- name: github.com/extemporalgenome/slug
  version: 0320c85e32e0015b090f08a5d1324d5ab6094f07
- name: github.com/jaredfolkins/badactor
  version: 60f5c9bf2d1121641ad5ba9ee231da0005056d48
- name: github.com/jmoiron/sqlx
  version: bdae0c3219c3bdb92f3d7c70825018712787c933
  subpackages:
  - reflectx
- name: github.com/klauspost/compress
  version: 14eb9c4951195779ecfbec34431a976de7335b0a
  subpackages:
  - flate
  - gzip
  - zlib
- name: github.com/klauspost/cpuid
  version: 09cded8978dc9e80714c4d85b0322337b0a1e5e0
- name: github.com/klauspost/crc32
  version: 19b0b332c9e4516a6370a0456e6182c3b5036720
- name: github.com/labstack/echo
  version: 1ca76e5e883c794c6680896c65f050438deec0d4
  subpackages:
  - engine/fasthttp
  - middleware
  - engine
  - log
- name: github.com/labstack/gommon
  version: e80f15d0ed893817003195acf022aa109bcd12c7
  subpackages:
  - log
  - bytes
  - color
- name: github.com/lib/pq
  version: ee1442bda7bd1b6a84e913bdb421cb1874ec629d
  subpackages:
  - oid
- name: github.com/mattn/go-colorable
  version: 9056b7a9f2d1f2d96498d6d146acd1f9d5ed3d59
- name: github.com/mattn/go-isatty
  version: 56b76bdf51f7708750eac80fa38b952bb9f32639
- name: github.com/mewben/config-echo
  version: f958f1dfd8ad47aacccad3b6a454e2f724bae38c
- name: github.com/mewben/db-go-env
  version: 6c872cf0330cd369d60a1c066df195d2669d17dd
- name: github.com/satori/go.uuid
  version: 879c5887cd475cd7864858769793b2ceb0d44feb
- name: github.com/valyala/fasthttp
  version: 83a24c301bb683e450cd0304a3eb69556c48678c
  subpackages:
  - fasthttputil
- name: github.com/valyala/fasttemplate
  version: 3b874956e03f1636d171bda64b130f9135f42cff
- name: golang.org/x/crypto
  version: f3241ce8505855877cc8a9717bd61a0f7c4ea83c
  subpackages:
  - bcrypt
  - blowfish
- name: golang.org/x/net
  version: d7bf3545bb0dacf009c535b3d3fbf53ac0a339ab
  subpackages:
  - context
- name: golang.org/x/sys
  version: 62bee037599929a6e9146f29d10dd5208c43507d
  subpackages:
  - unix
- name: golang.org/x/text
  version: 3b39eb1f65eff3fc1f2746b6f7362d6ad1dcc4ad
  subpackages:
  - unicode/norm
  - transform
devImports: []
