hash: dcc6bfc4d85a3afda76d113354aba719971597a895ac7e0bd5ec8c50fd5c7590
updated: 2016-06-03T19:27:57.149122571+08:00
imports:
- name: github.com/dgrijalva/jwt-go
  version: 9b486c879bab3fde556ce8c27d9a2bb05d5b2c60
- name: github.com/jmoiron/sqlx
  version: a7f971fe8ea891a1a74ddb40c623f5722e28e8a8
  subpackages:
  - reflectx
- name: github.com/klauspost/compress
  version: 14eb9c4951195779ecfbec34431a976de7335b0a
  subpackages:
  - flate
  - gzip
  - zlib
- name: github.com/klauspost/cpuid
  version: 09cded8978dc9e80714c4d85b0322337b0a1e5e0
- name: github.com/klauspost/crc32
  version: 19b0b332c9e4516a6370a0456e6182c3b5036720
- name: github.com/labstack/echo
  version: ad06aee0c17b90b73e2013956aa762973f0afea6
  subpackages:
  - engine/fasthttp
  - middleware
  - engine
  - log
- name: github.com/labstack/gommon
  version: b5f03e345acd2096591b6f738cb8d2b9b3231c50
  subpackages:
  - log
  - bytes
  - color
- name: github.com/lib/pq
  version: ee1442bda7bd1b6a84e913bdb421cb1874ec629d
  subpackages:
  - oid
- name: github.com/mattn/go-colorable
  version: 9056b7a9f2d1f2d96498d6d146acd1f9d5ed3d59
- name: github.com/mattn/go-isatty
  version: 56b76bdf51f7708750eac80fa38b952bb9f32639
- name: github.com/mewben/config-echo
  version: bd68349f8624a3b42e21fd1ed87736bf6284c8b8
- name: github.com/mewben/db-go-env
  version: 6c872cf0330cd369d60a1c066df195d2669d17dd
- name: github.com/satori/go.uuid
  version: f9ab0dce87d815821e221626b772e3475a0d2749
- name: github.com/valyala/fasthttp
  version: c09347e6deb9f55ef00a1cb7b2e80e3a2cdd0506
- name: github.com/valyala/fasttemplate
  version: 3b874956e03f1636d171bda64b130f9135f42cff
- name: golang.org/x/crypto
  version: 5bcd134fee4dd1475da17714aac19c0aa0142e2f
  subpackages:
  - bcrypt
  - blowfish
- name: golang.org/x/net
  version: c4c3ea71919de159c9e246d7be66deb7f0a39a58
  subpackages:
  - context
- name: golang.org/x/sys
  version: 076b546753157f758b316e59bcb51e6807c04057
  subpackages:
  - unix
devImports: []
