hash: a7347448ea87c0f202013fa8f67126bbecac3a1dc6c94f7cca12b006d56d75e2
updated: 2016-06-13T16:40:27.808823367+08:00
imports:
- name: github.com/dgrijalva/jwt-go
  version: c04502f106d7c5b3fae17c5da49a1bbdd3006b3c
- name: github.com/extemporalgenome/slug
  version: 0320c85e32e0015b090f08a5d1324d5ab6094f07
- name: github.com/jmoiron/sqlx
  version: e4a302b8d3a49ad2790f2232df7fcd668f54366f
  subpackages:
  - reflectx
- name: github.com/klauspost/compress
  version: 14eb9c4951195779ecfbec34431a976de7335b0a
  subpackages:
  - flate
  - gzip
  - zlib
- name: github.com/klauspost/cpuid
  version: 09cded8978dc9e80714c4d85b0322337b0a1e5e0
- name: github.com/klauspost/crc32
  version: 19b0b332c9e4516a6370a0456e6182c3b5036720
- name: github.com/labstack/echo
  version: 6e183fd3d8063a14da04fa4439c52fb6b84d1cdb
  subpackages:
  - engine/fasthttp
  - middleware
  - engine
  - log
- name: github.com/labstack/gommon
  version: e80f15d0ed893817003195acf022aa109bcd12c7
  subpackages:
  - log
  - bytes
  - color
- name: github.com/lib/pq
  version: ee1442bda7bd1b6a84e913bdb421cb1874ec629d
  subpackages:
  - oid
- name: github.com/mattn/go-colorable
  version: 9056b7a9f2d1f2d96498d6d146acd1f9d5ed3d59
- name: github.com/mattn/go-isatty
  version: 56b76bdf51f7708750eac80fa38b952bb9f32639
- name: github.com/mewben/config-echo
  version: bd68349f8624a3b42e21fd1ed87736bf6284c8b8
- name: github.com/mewben/db-go-env
  version: 6c872cf0330cd369d60a1c066df195d2669d17dd
- name: github.com/satori/go.uuid
  version: 879c5887cd475cd7864858769793b2ceb0d44feb
- name: github.com/valyala/fasthttp
  version: 8db7d05839b5f4d21d5da1fcb3897d294ff6fd9f
  subpackages:
  - fasthttputil
- name: github.com/valyala/fasttemplate
  version: 3b874956e03f1636d171bda64b130f9135f42cff
- name: golang.org/x/crypto
  version: f3241ce8505855877cc8a9717bd61a0f7c4ea83c
  subpackages:
  - bcrypt
  - blowfish
- name: golang.org/x/net
  version: 3f122ce3dbbe488b7e6a8bdb26f41edec852a40b
  subpackages:
  - context
- name: golang.org/x/sys
  version: 7f918dd405547ecb864d14a8ecbbfe205b5f930f
  subpackages:
  - unix
devImports: []
